
Microsoft Visual Studio Solution File, Format Version 12.00
# Visual Studio Version 17
VisualStudioVersion = 17.4.33122.133
MinimumVisualStudioVersion = 10.0.40219.1
Project("{FAE04EC0-301F-11D3-BF4B-00C04F79EFBC}") = "VArchive", "VArchive\VArchive.csproj", "{3C50141D-C2CC-4F10-BF2E-9089D4A82C3B}"
EndProject
Global
	GlobalSection(SolutionConfigurationPlatforms) = preSolution
		Debug|Any CPU = Debug|Any CPU
		Release|Any CPU = Release|Any CPU
	EndGlobalSection
	GlobalSection(ProjectConfigurationPlatforms) = postSolution
		{3C50141D-C2CC-4F10-BF2E-9089D4A82C3B}.Debug|Any CPU.ActiveCfg = Debug|Any CPU
		{3C50141D-C2CC-4F10-BF2E-9089D4A82C3B}.Debug|Any CPU.Build.0 = Debug|Any CPU
		{3C50141D-C2CC-4F10-BF2E-9089D4A82C3B}.Release|Any CPU.ActiveCfg = Release|Any CPU
		{3C50141D-C2CC-4F10-BF2E-9089D4A82C3B}.Release|Any CPU.Build.0 = Release|Any CPU
	EndGlobalSection
	GlobalSection(SolutionProperties) = preSolution
		HideSolutionNode = FALSE
	EndGlobalSection
	GlobalSection(ExtensibilityGlobals) = postSolution
		SolutionGuid = {E756A60A-41B9-4786-81B2-E3FFB5C3EBF4}
	EndGlobalSection
EndGlobal
